
Microsoft Visual Studio Solution File, Format Version 12.00
# Visual Studio Version 16
VisualStudioVersion = 16.0.31424.327
MinimumVisualStudioVersion = 10.0.40219.1
Project("{FAE04EC0-301F-11D3-BF4B-00C04F79EFBC}") = "Decode the Morse code", "Decode the Morse code\Decode the Morse code.csproj", "{21083589-1024-454A-A488-9BE545675638}"
EndProject
Global
	GlobalSection(SolutionConfigurationPlatforms) = preSolution
		Debug|Any CPU = Debug|Any CPU
		Release|Any CPU = Release|Any CPU
	EndGlobalSection
	GlobalSection(ProjectConfigurationPlatforms) = postSolution
		{21083589-1024-454A-A488-9BE545675638}.Debug|Any CPU.ActiveCfg = Debug|Any CPU
		{21083589-1024-454A-A488-9BE545675638}.Debug|Any CPU.Build.0 = Debug|Any CPU
		{21083589-1024-454A-A488-9BE545675638}.Release|Any CPU.ActiveCfg = Release|Any CPU
		{21083589-1024-454A-A488-9BE545675638}.Release|Any CPU.Build.0 = Release|Any CPU
	EndGlobalSection
	GlobalSection(SolutionProperties) = preSolution
		HideSolutionNode = FALSE
	EndGlobalSection
	GlobalSection(ExtensibilityGlobals) = postSolution
		SolutionGuid = {974D8CAE-774E-4D80-BB4D-26F683C70924}
	EndGlobalSection
EndGlobal
