
Microsoft Visual Studio Solution File, Format Version 12.00
# Visual Studio Version 16
VisualStudioVersion = 16.0.31424.327
MinimumVisualStudioVersion = 10.0.40219.1
Project("{FAE04EC0-301F-11D3-BF4B-00C04F79EFBC}") = "Primes in numbers", "Primes in numbers\Primes in numbers.csproj", "{AD5DBEB7-3942-4BF8-9B63-B520B63BFA22}"
EndProject
Global
	GlobalSection(SolutionConfigurationPlatforms) = preSolution
		Debug|Any CPU = Debug|Any CPU
		Release|Any CPU = Release|Any CPU
	EndGlobalSection
	GlobalSection(ProjectConfigurationPlatforms) = postSolution
		{AD5DBEB7-3942-4BF8-9B63-B520B63BFA22}.Debug|Any CPU.ActiveCfg = Debug|Any CPU
		{AD5DBEB7-3942-4BF8-9B63-B520B63BFA22}.Debug|Any CPU.Build.0 = Debug|Any CPU
		{AD5DBEB7-3942-4BF8-9B63-B520B63BFA22}.Release|Any CPU.ActiveCfg = Release|Any CPU
		{AD5DBEB7-3942-4BF8-9B63-B520B63BFA22}.Release|Any CPU.Build.0 = Release|Any CPU
	EndGlobalSection
	GlobalSection(SolutionProperties) = preSolution
		HideSolutionNode = FALSE
	EndGlobalSection
	GlobalSection(ExtensibilityGlobals) = postSolution
		SolutionGuid = {149E5B14-B0C9-4D53-A767-77E866B98333}
	EndGlobalSection
EndGlobal
